
Microsoft Visual Studio Solution File, Format Version 12.00
# Visual Studio Version 17
VisualStudioVersion = 17.12.35527.113 d17.12
MinimumVisualStudioVersion = 10.0.40219.1
Project("{FAE04EC0-301F-11D3-BF4B-00C04F79EFBC}") = "IKEA.PL", "IKEA.PL\IKEA.PL.csproj", "{A103766C-FC3C-4281-8A15-21ACF117D951}"
EndProject
Project("{FAE04EC0-301F-11D3-BF4B-00C04F79EFBC}") = "IKEA.DAL", "IKEA.DAL\IKEA.DAL.csproj", "{0386CBD7-5E54-4F4B-9CDD-1E56EF42852C}"
EndProject
Project("{FAE04EC0-301F-11D3-BF4B-00C04F79EFBC}") = "IKEA.BLL", "IKEA.BLL\IKEA.BLL.csproj", "{C53F6F4E-7843-42CB-B44E-79C68873AE7B}"
EndProject
Global
	GlobalSection(SolutionConfigurationPlatforms) = preSolution
		Debug|Any CPU = Debug|Any CPU
		Release|Any CPU = Release|Any CPU
	EndGlobalSection
	GlobalSection(ProjectConfigurationPlatforms) = postSolution
		{A103766C-FC3C-4281-8A15-21ACF117D951}.Debug|Any CPU.ActiveCfg = Debug|Any CPU
		{A103766C-FC3C-4281-8A15-21ACF117D951}.Debug|Any CPU.Build.0 = Debug|Any CPU
		{A103766C-FC3C-4281-8A15-21ACF117D951}.Release|Any CPU.ActiveCfg = Release|Any CPU
		{A103766C-FC3C-4281-8A15-21ACF117D951}.Release|Any CPU.Build.0 = Release|Any CPU
		{0386CBD7-5E54-4F4B-9CDD-1E56EF42852C}.Debug|Any CPU.ActiveCfg = Debug|Any CPU
		{0386CBD7-5E54-4F4B-9CDD-1E56EF42852C}.Debug|Any CPU.Build.0 = Debug|Any CPU
		{0386CBD7-5E54-4F4B-9CDD-1E56EF42852C}.Release|Any CPU.ActiveCfg = Release|Any CPU
		{0386CBD7-5E54-4F4B-9CDD-1E56EF42852C}.Release|Any CPU.Build.0 = Release|Any CPU
		{C53F6F4E-7843-42CB-B44E-79C68873AE7B}.Debug|Any CPU.ActiveCfg = Debug|Any CPU
		{C53F6F4E-7843-42CB-B44E-79C68873AE7B}.Debug|Any CPU.Build.0 = Debug|Any CPU
		{C53F6F4E-7843-42CB-B44E-79C68873AE7B}.Release|Any CPU.ActiveCfg = Release|Any CPU
		{C53F6F4E-7843-42CB-B44E-79C68873AE7B}.Release|Any CPU.Build.0 = Release|Any CPU
	EndGlobalSection
	GlobalSection(SolutionProperties) = preSolution
		HideSolutionNode = FALSE
	EndGlobalSection
EndGlobal
